// !$*UTF8*$!
{
	archiveVersion = 1;
	classes = {
	};
	objectVersion = 46;
	objects = {

/* Begin PBXBuildFile section */
		A21BC09B1B861F4900D8942F /* ItemDetailViewController.swift in Sources */ = {isa = PBXBuildFile; fileRef = A21BC09A1B861F4900D8942F /* ItemDetailViewController.swift */; };
		A224A9861B8735AE002DAF62 /* TodoSectionTitleTableViewCell.swift in Sources */ = {isa = PBXBuildFile; fileRef = A224A9851B8735AE002DAF62 /* TodoSectionTitleTableViewCell.swift */; };
		A250FAB21B84E98800E633DF /* AppDelegate.swift in Sources */ = {isa = PBXBuildFile; fileRef = A250FAB11B84E98800E633DF /* AppDelegate.swift */; };
		A250FAB71B84E98800E633DF /* Main.storyboard in Resources */ = {isa = PBXBuildFile; fileRef = A250FAB51B84E98800E633DF /* Main.storyboard */; };
		A250FABA1B84E98800E633DF /* todo_app.xcdatamodeld in Sources */ = {isa = PBXBuildFile; fileRef = A250FAB81B84E98800E633DF /* todo_app.xcdatamodeld */; };
		A250FABC1B84E98800E633DF /* Assets.xcassets in Resources */ = {isa = PBXBuildFile; fileRef = A250FABB1B84E98800E633DF /* Assets.xcassets */; };
		A250FABF1B84E98800E633DF /* LaunchScreen.storyboard in Resources */ = {isa = PBXBuildFile; fileRef = A250FABD1B84E98800E633DF /* LaunchScreen.storyboard */; };
		A250FAC91B84EA4A00E633DF /* TodoListViewController.swift in Sources */ = {isa = PBXBuildFile; fileRef = A250FAC81B84EA4A00E633DF /* TodoListViewController.swift */; };
		A250FACB1B84F9C400E633DF /* NewItemViewController.swift in Sources */ = {isa = PBXBuildFile; fileRef = A250FACA1B84F9C400E633DF /* NewItemViewController.swift */; };
		A26E903F1B86487A00CC7379 /* TodoItemTableViewCell.swift in Sources */ = {isa = PBXBuildFile; fileRef = A26E903E1B86487A00CC7379 /* TodoItemTableViewCell.swift */; };
/* End PBXBuildFile section */

/* Begin PBXFileReference section */
		A21BC09A1B861F4900D8942F /* ItemDetailViewController.swift */ = {isa = PBXFileReference; fileEncoding = 4; lastKnownFileType = sourcecode.swift; path = ItemDetailViewController.swift; sourceTree = "<group>"; };
		A224A9851B8735AE002DAF62 /* TodoSectionTitleTableViewCell.swift */ = {isa = PBXFileReference; fileEncoding = 4; lastKnownFileType = sourcecode.swift; path = TodoSectionTitleTableViewCell.swift; sourceTree = "<group>"; };
		A250FAAE1B84E98800E633DF /* ToDo!.app */ = {isa = PBXFileReference; explicitFileType = wrapper.application; includeInIndex = 0; path = "ToDo!.app"; sourceTree = BUILT_PRODUCTS_DIR; };
		A250FAB11B84E98800E633DF /* AppDelegate.swift */ = {isa = PBXFileReference; lastKnownFileType = sourcecode.swift; path = AppDelegate.swift; sourceTree = "<group>"; };
		A250FAB61B84E98800E633DF /* Base */ = {isa = PBXFileReference; lastKnownFileType = file.storyboard; name = Base; path = Base.lproj/Main.storyboard; sourceTree = "<group>"; };
		A250FAB91B84E98800E633DF /* todo_app.xcdatamodel */ = {isa = PBXFileReference; lastKnownFileType = wrapper.xcdatamodel; path = todo_app.xcdatamodel; sourceTree = "<group>"; };
		A250FABB1B84E98800E633DF /* Assets.xcassets */ = {isa = PBXFileReference; lastKnownFileType = folder.assetcatalog; path = Assets.xcassets; sourceTree = "<group>"; };
		A250FABE1B84E98800E633DF /* Base */ = {isa = PBXFileReference; lastKnownFileType = file.storyboard; name = Base; path = Base.lproj/LaunchScreen.storyboard; sourceTree = "<group>"; };
		A250FAC01B84E98800E633DF /* Info.plist */ = {isa = PBXFileReference; lastKnownFileType = text.plist.xml; path = Info.plist; sourceTree = "<group>"; };
		A250FAC81B84EA4A00E633DF /* TodoListViewController.swift */ = {isa = PBXFileReference; fileEncoding = 4; lastKnownFileType = sourcecode.swift; path = TodoListViewController.swift; sourceTree = "<group>"; };
		A250FACA1B84F9C400E633DF /* NewItemViewController.swift */ = {isa = PBXFileReference; fileEncoding = 4; lastKnownFileType = sourcecode.swift; path = NewItemViewController.swift; sourceTree = "<group>"; };
		A26E903E1B86487A00CC7379 /* TodoItemTableViewCell.swift */ = {isa = PBXFileReference; fileEncoding = 4; lastKnownFileType = sourcecode.swift; path = TodoItemTableViewCell.swift; sourceTree = "<group>"; };
/* End PBXFileReference section */

/* Begin PBXFrameworksBuildPhase section */
		A250FAAB1B84E98800E633DF /* Frameworks */ = {
			isa = PBXFrameworksBuildPhase;
			buildActionMask = 2147483647;
			files = (
			);
			runOnlyForDeploymentPostprocessing = 0;
		};
/* End PBXFrameworksBuildPhase section */

/* Begin PBXGroup section */
		A250FAA51B84E98800E633DF = {
			isa = PBXGroup;
			children = (
				A250FAB01B84E98800E633DF /* todo-app */,
				A250FAAF1B84E98800E633DF /* Products */,
			);
			sourceTree = "<group>";
		};
		A250FAAF1B84E98800E633DF /* Products */ = {
			isa = PBXGroup;
			children = (
				A250FAAE1B84E98800E633DF /* ToDo!.app */,
			);
			name = Products;
			sourceTree = "<group>";
		};
		A250FAB01B84E98800E633DF /* todo-app */ = {
			isa = PBXGroup;
			children = (
				A250FAB51B84E98800E633DF /* Main.storyboard */,
				A250FAC81B84EA4A00E633DF /* TodoListViewController.swift */,
				A26E903E1B86487A00CC7379 /* TodoItemTableViewCell.swift */,
				A224A9851B8735AE002DAF62 /* TodoSectionTitleTableViewCell.swift */,
				A250FACA1B84F9C400E633DF /* NewItemViewController.swift */,
				A21BC09A1B861F4900D8942F /* ItemDetailViewController.swift */,
				A250FAB81B84E98800E633DF /* todo_app.xcdatamodeld */,
				A250FABB1B84E98800E633DF /* Assets.xcassets */,
				A250FABD1B84E98800E633DF /* LaunchScreen.storyboard */,
				A250FAC01B84E98800E633DF /* Info.plist */,
				A250FAB11B84E98800E633DF /* AppDelegate.swift */,
			);
			path = "todo-app";
			sourceTree = "<group>";
		};
/* End PBXGroup section */

/* Begin PBXNativeTarget section */
		A250FAAD1B84E98800E633DF /* todo-app */ = {
			isa = PBXNativeTarget;
			buildConfigurationList = A250FAC31B84E98800E633DF /* Build configuration list for PBXNativeTarget "todo-app" */;
			buildPhases = (
				A250FAAA1B84E98800E633DF /* Sources */,
				A250FAAB1B84E98800E633DF /* Frameworks */,
				A250FAAC1B84E98800E633DF /* Resources */,
			);
			buildRules = (
			);
			dependencies = (
			);
			name = "todo-app";
			productName = "todo-app";
			productReference = A250FAAE1B84E98800E633DF /* ToDo!.app */;
			productType = "com.apple.product-type.application";
		};
/* End PBXNativeTarget section */

/* Begin PBXProject section */
		A250FAA61B84E98800E633DF /* Project object */ = {
			isa = PBXProject;
			attributes = {
				LastUpgradeCheck = 0700;
				ORGANIZATIONNAME = "Sjors Roelofs";
				TargetAttributes = {
					A250FAAD1B84E98800E633DF = {
						CreatedOnToolsVersion = 7.0;
						DevelopmentTeam = 6U3SG8ULB3;
					};
				};
			};
			buildConfigurationList = A250FAA91B84E98800E633DF /* Build configuration list for PBXProject "todo-app" */;
			compatibilityVersion = "Xcode 3.2";
			developmentRegion = English;
			hasScannedForEncodings = 0;
			knownRegions = (
				en,
				Base,
			);
			mainGroup = A250FAA51B84E98800E633DF;
			productRefGroup = A250FAAF1B84E98800E633DF /* Products */;
			projectDirPath = "";
			projectRoot = "";
			targets = (
				A250FAAD1B84E98800E633DF /* todo-app */,
			);
		};
/* End PBXProject section */

/* Begin PBXResourcesBuildPhase section */
		A250FAAC1B84E98800E633DF /* Resources */ = {
			isa = PBXResourcesBuildPhase;
			buildActionMask = 2147483647;
			files = (
				A250FABF1B84E98800E633DF /* LaunchScreen.storyboard in Resources */,
				A250FABC1B84E98800E633DF /* Assets.xcassets in Resources */,
				A250FAB71B84E98800E633DF /* Main.storyboard in Resources */,
			);
			runOnlyForDeploymentPostprocessing = 0;
		};
/* End PBXResourcesBuildPhase section */

/* Begin PBXSourcesBuildPhase section */
		A250FAAA1B84E98800E633DF /* Sources */ = {
			isa = PBXSourcesBuildPhase;
			buildActionMask = 2147483647;
			files = (
				A250FAC91B84EA4A00E633DF /* TodoListViewController.swift in Sources */,
				A21BC09B1B861F4900D8942F /* ItemDetailViewController.swift in Sources */,
				A224A9861B8735AE002DAF62 /* TodoSectionTitleTableViewCell.swift in Sources */,
				A26E903F1B86487A00CC7379 /* TodoItemTableViewCell.swift in Sources */,
				A250FABA1B84E98800E633DF /* todo_app.xcdatamodeld in Sources */,
				A250FACB1B84F9C400E633DF /* NewItemViewController.swift in Sources */,
				A250FAB21B84E98800E633DF /* AppDelegate.swift in Sources */,
			);
			runOnlyForDeploymentPostprocessing = 0;
		};
/* End PBXSourcesBuildPhase section */

/* Begin PBXVariantGroup section */
		A250FAB51B84E98800E633DF /* Main.storyboard */ = {
			isa = PBXVariantGroup;
			children = (
				A250FAB61B84E98800E633DF /* Base */,
			);
			name = Main.storyboard;
			sourceTree = "<group>";
		};
		A250FABD1B84E98800E633DF /* LaunchScreen.storyboard */ = {
			isa = PBXVariantGroup;
			children = (
				A250FABE1B84E98800E633DF /* Base */,
			);
			name = LaunchScreen.storyboard;
			sourceTree = "<group>";
		};
/* End PBXVariantGroup section */

/* Begin XCBuildConfiguration section */
		A250FAC11B84E98800E633DF /* Debug */ = {
			isa = XCBuildConfiguration;
			buildSettings = {
				ALWAYS_SEARCH_USER_PATHS = NO;
				CLANG_CXX_LANGUAGE_STANDARD = "gnu++0x";
				CLANG_CXX_LIBRARY = "libc++";
				CLANG_ENABLE_MODULES = YES;
				CLANG_ENABLE_OBJC_ARC = YES;
				CLANG_WARN_BOOL_CONVERSION = YES;
				CLANG_WARN_CONSTANT_CONVERSION = YES;
				CLANG_WARN_DIRECT_OBJC_ISA_USAGE = YES_ERROR;
				CLANG_WARN_EMPTY_BODY = YES;
				CLANG_WARN_ENUM_CONVERSION = YES;
				CLANG_WARN_INT_CONVERSION = YES;
				CLANG_WARN_OBJC_ROOT_CLASS = YES_ERROR;
				CLANG_WARN_UNREACHABLE_CODE = YES;
				CLANG_WARN__DUPLICATE_METHOD_MATCH = YES;
				"CODE_SIGN_IDENTITY[sdk=iphoneos*]" = "iPhone Developer";
				COPY_PHASE_STRIP = NO;
				DEBUG_INFORMATION_FORMAT = dwarf;
				ENABLE_STRICT_OBJC_MSGSEND = YES;
				ENABLE_TESTABILITY = YES;
				GCC_C_LANGUAGE_STANDARD = gnu99;
				GCC_DYNAMIC_NO_PIC = NO;
				GCC_NO_COMMON_BLOCKS = YES;
				GCC_OPTIMIZATION_LEVEL = 0;
				GCC_PREPROCESSOR_DEFINITIONS = (
					"DEBUG=1",
					"$(inherited)",
				);
				GCC_WARN_64_TO_32_BIT_CONVERSION = YES;
				GCC_WARN_ABOUT_RETURN_TYPE = YES_ERROR;
				GCC_WARN_UNDECLARED_SELECTOR = YES;
				GCC_WARN_UNINITIALIZED_AUTOS = YES_AGGRESSIVE;
				GCC_WARN_UNUSED_FUNCTION = YES;
				GCC_WARN_UNUSED_VARIABLE = YES;
				IPHONEOS_DEPLOYMENT_TARGET = 9.0;
				MTL_ENABLE_DEBUG_INFO = YES;
				ONLY_ACTIVE_ARCH = YES;
				SDKROOT = iphoneos;
				SWIFT_OPTIMIZATION_LEVEL = "-Onone";
			};
			name = Debug;
		};
		A250FAC21B84E98800E633DF /* Release */ = {
			isa = XCBuildConfiguration;
			buildSettings = {
				ALWAYS_SEARCH_USER_PATHS = NO;
				CLANG_CXX_LANGUAGE_STANDARD = "gnu++0x";
				CLANG_CXX_LIBRARY = "libc++";
				CLANG_ENABLE_MODULES = YES;
				CLANG_ENABLE_OBJC_ARC = YES;
				CLANG_WARN_BOOL_CONVERSION = YES;
				CLANG_WARN_CONSTANT_CONVERSION = YES;
				CLANG_WARN_DIRECT_OBJC_ISA_USAGE = YES_ERROR;
				CLANG_WARN_EMPTY_BODY = YES;
				CLANG_WARN_ENUM_CONVERSION = YES;
				CLANG_WARN_INT_CONVERSION = YES;
				CLANG_WARN_OBJC_ROOT_CLASS = YES_ERROR;
				CLANG_WARN_UNREACHABLE_CODE = YES;
				CLANG_WARN__DUPLICATE_METHOD_MATCH = YES;
				"CODE_SIGN_IDENTITY[sdk=iphoneos*]" = "iPhone Developer";
				COPY_PHASE_STRIP = NO;
				DEBUG_INFORMATION_FORMAT = "dwarf-with-dsym";
				ENABLE_NS_ASSERTIONS = NO;
				ENABLE_STRICT_OBJC_MSGSEND = YES;
				GCC_C_LANGUAGE_STANDARD = gnu99;
				GCC_NO_COMMON_BLOCKS = YES;
				GCC_WARN_64_TO_32_BIT_CONVERSION = YES;
				GCC_WARN_ABOUT_RETURN_TYPE = YES_ERROR;
				GCC_WARN_UNDECLARED_SELECTOR = YES;
				GCC_WARN_UNINITIALIZED_AUTOS = YES_AGGRESSIVE;
				GCC_WARN_UNUSED_FUNCTION = YES;
				GCC_WARN_UNUSED_VARIABLE = YES;
				IPHONEOS_DEPLOYMENT_TARGET = 9.0;
				MTL_ENABLE_DEBUG_INFO = NO;
				SDKROOT = iphoneos;
				VALIDATE_PRODUCT = YES;
			};
			name = Release;
		};
		A250FAC41B84E98800E633DF /* Debug */ = {
			isa = XCBuildConfiguration;
			buildSettings = {
				ASSETCATALOG_COMPILER_APPICON_NAME = AppIcon;
				CODE_SIGN_IDENTITY = "iPhone Developer";
				INFOPLIST_FILE = "todo-app/Info.plist";
				LD_RUNPATH_SEARCH_PATHS = "$(inherited) @executable_path/Frameworks";
				PRODUCT_BUNDLE_IDENTIFIER = "io.sjors.todo-app";
				PRODUCT_NAME = "ToDo!";
				TARGETED_DEVICE_FAMILY = "1,2";
			};
			name = Debug;
		};
		A250FAC51B84E98800E633DF /* Release */ = {
			isa = XCBuildConfiguration;
			buildSettings = {
				ASSETCATALOG_COMPILER_APPICON_NAME = AppIcon;
				CODE_SIGN_IDENTITY = "iPhone Developer";
				INFOPLIST_FILE = "todo-app/Info.plist";
				LD_RUNPATH_SEARCH_PATHS = "$(inherited) @executable_path/Frameworks";
				PRODUCT_BUNDLE_IDENTIFIER = "io.sjors.todo-app";
				PRODUCT_NAME = "ToDo!";
				TARGETED_DEVICE_FAMILY = "1,2";
			};
			name = Release;
		};
/* End XCBuildConfiguration section */

/* Begin XCConfigurationList section */
		A250FAA91B84E98800E633DF /* Build configuration list for PBXProject "todo-app" */ = {
			isa = XCConfigurationList;
			buildConfigurations = (
				A250FAC11B84E98800E633DF /* Debug */,
				A250FAC21B84E98800E633DF /* Release */,
			);
			defaultConfigurationIsVisible = 0;
			defaultConfigurationName = Release;
		};
		A250FAC31B84E98800E633DF /* Build configuration list for PBXNativeTarget "todo-app" */ = {
			isa = XCConfigurationList;
			buildConfigurations = (
				A250FAC41B84E98800E633DF /* Debug */,
				A250FAC51B84E98800E633DF /* Release */,
			);
			defaultConfigurationIsVisible = 0;
			defaultConfigurationName = Release;
		};
/* End XCConfigurationList section */

/* Begin XCVersionGroup section */
		A250FAB81B84E98800E633DF /* todo_app.xcdatamodeld */ = {
			isa = XCVersionGroup;
			children = (
				A250FAB91B84E98800E633DF /* todo_app.xcdatamodel */,
			);
			currentVersion = A250FAB91B84E98800E633DF /* todo_app.xcdatamodel */;
			path = todo_app.xcdatamodeld;
			sourceTree = "<group>";
			versionGroupType = wrapper.xcdatamodel;
		};
/* End XCVersionGroup section */
	};
	rootObject = A250FAA61B84E98800E633DF /* Project object */;
}
